{
  "name": "springboot+vue",
  "lockfileVersion": 2,
  "requires": true,
  "packages": {
    "": {
      "dependencies": {
        "element-plus": "^1.2.0-beta.6"
      },
      "devDependencies": {
        "vue-cli-plugin-element-plus": "~0.0.13"
      }
    },
    "node_modules/@element-plus/icons-vue": {
      "version": "0.2.4",
      "resolved": "https://registry.npmmirror.com/@element-plus/icons-vue/download/@element-plus/icons-vue-0.2.4.tgz",
      "integrity": "sha512-RsJNyL58rwxtsjeMy34o8txkL6UlME1stWsUlRpTac6UE9Bx9gdJvnDXbIKhOJqBLX17fBjmposdrn6VTqim2w==",
      "peerDependencies": {
        "vue": "^3.2.0"
      }
    },
    "node_modules/@popperjs/core": {
      "version": "2.11.0",
      "resolved": "https://registry.npmmirror.com/@popperjs/core/download/@popperjs/core-2.11.0.tgz",
      "integrity": "sha512-zrsUxjLOKAzdewIDRWy9nsV1GQsKBCWaGwsZQlCgr6/q+vjyZhFgqedLfFBuI9anTPEUT4APq9Mu0SZBTzIcGQ==",
      "funding": {
        "type": "opencollective",
        "url": "https://opencollective.com/popperjs"
      }
    },
    "node_modules/@vueuse/core": {
      "version": "7.4.0",
      "resolved": "https://registry.npmmirror.com/@vueuse/core/download/@vueuse/core-7.4.0.tgz",
      "integrity": "sha512-CgYouxjXOE63gMn3l9cOsgzPTEAk3yoncsSmJUxXAi/to25rCPVWB/39jXTPhWZboR43EDDMWoEhHaSoMzaldg==",
      "dependencies": {
        "@vueuse/shared": "7.4.0",
        "vue-demi": "*"
      },
      "funding": {
        "url": "https://github.com/sponsors/antfu"
      },
      "peerDependencies": {
        "@vue/composition-api": "^1.1.0",
        "vue": "^2.6.0 || ^3.2.0"
      },
      "peerDependenciesMeta": {
        "@vue/composition-api": {
          "optional": true
        },
        "vue": {
          "optional": true
        }
      }
    },
    "node_modules/@vueuse/core/node_modules/@vueuse/shared": {
      "version": "7.4.0",
      "resolved": "https://registry.npmmirror.com/@vueuse/shared/download/@vueuse/shared-7.4.0.tgz",
      "integrity": "sha512-x5Jn6jUB8gS1mGnVCoNWFEpAoDkm2QwtacZTUgKMn0Ow8tlUBKIfGVOt4vn9qZB10froED/ARHEj79WKLXRieA==",
      "dependencies": {
        "vue-demi": "*"
      },
      "funding": {
        "url": "https://github.com/sponsors/antfu"
      },
      "peerDependencies": {
        "@vue/composition-api": "^1.1.0",
        "vue": "^2.6.0 || ^3.2.0"
      },
      "peerDependenciesMeta": {
        "@vue/composition-api": {
          "optional": true
        },
        "vue": {
          "optional": true
        }
      }
    },
    "node_modules/@vueuse/core/node_modules/vue-demi": {
      "version": "0.12.1",
      "resolved": "https://registry.npmmirror.com/vue-demi/download/vue-demi-0.12.1.tgz",
      "integrity": "sha1-9+GO++z/0RqwadFHLXoG4xm0F0w=",
      "hasInstallScript": true,
      "license": "MIT",
      "bin": {
        "vue-demi-fix": "bin/vue-demi-fix.js",
        "vue-demi-switch": "bin/vue-demi-switch.js"
      },
      "engines": {
        "node": ">=12"
      },
      "funding": {
        "url": "https://github.com/sponsors/antfu"
      },
      "peerDependencies": {
        "@vue/composition-api": "^1.0.0-rc.1",
        "vue": "^3.0.0-0 || ^2.6.0"
      },
      "peerDependenciesMeta": {
        "@vue/composition-api": {
          "optional": true
        }
      }
    },
    "node_modules/async-validator": {
      "version": "4.0.7",
      "resolved": "https://registry.npmmirror.com/async-validator/download/async-validator-4.0.7.tgz?cache=0&sync_timestamp=1634529502627&other_urls=https%3A%2F%2Fregistry.npmmirror.com%2Fasync-validator%2Fdownload%2Fasync-validator-4.0.7.tgz",
      "integrity": "sha1-A0oP0hA6ay6/AQ2nUYO+wpkkev4=",
      "license": "MIT"
    },
    "node_modules/dayjs": {
      "version": "1.10.7",
      "resolved": "https://registry.nlark.com/dayjs/download/dayjs-1.10.7.tgz?cache=0&sync_timestamp=1631266519235&other_urls=https%3A%2F%2Fregistry.nlark.com%2Fdayjs%2Fdownload%2Fdayjs-1.10.7.tgz",
      "integrity": "sha1-LPX5Gt0oEWdIRAhmoKHSbzps5Gg="
    },
    "node_modules/element-plus": {
      "version": "1.2.0-beta.6",
      "resolved": "https://registry.npmjs.org/element-plus/-/element-plus-1.2.0-beta.6.tgz",
      "integrity": "sha512-8EdSIR/5/FHcSB8w1diAh+gJMHgxIvxuZoayY99k6taAR1QyEFHuPTgFccZLopJ1+iP4UEsZFz49l57qS08Utw==",
      "dependencies": {
        "@element-plus/icons-vue": "^0.2.2",
        "@popperjs/core": "^2.10.2",
        "@vueuse/core": "^7.0.0",
        "async-validator": "^4.0.7",
        "dayjs": "^1.10.7",
        "lodash": "^4.17.21",
        "memoize-one": "^6.0.0",
        "normalize-wheel-es": "^1.1.1"
      },
      "peerDependencies": {
        "vue": "^3.2.0"
      }
    },
    "node_modules/lodash": {
      "version": "4.17.21",
      "resolved": "https://registry.npmmirror.com/lodash/download/lodash-4.17.21.tgz",
      "integrity": "sha512-v2kDEe57lecTulaDIuNTPy3Ry4gLGJ6Z1O3vE1krgXZNrsQ+LFTGHVxVjcXPs17LhbZVGedAJv8XZ1tvj5FvSg=="
    },
    "node_modules/memoize-one": {
      "version": "6.0.0",
      "resolved": "https://registry.npmmirror.com/memoize-one/download/memoize-one-6.0.0.tgz",
      "integrity": "sha1-slkbhx7YKUiu5HJ9xqvO7qyMEEU=",
      "license": "MIT"
    },
    "node_modules/normalize-wheel-es": {
      "version": "1.1.1",
      "resolved": "https://registry.npmmirror.com/normalize-wheel-es/download/normalize-wheel-es-1.1.1.tgz?cache=0&sync_timestamp=1635733915391&other_urls=https%3A%2F%2Fregistry.npmmirror.com%2Fnormalize-wheel-es%2Fdownload%2Fnormalize-wheel-es-1.1.1.tgz",
      "integrity": "sha1-qAlttqVvlDMtiE/Y6+2ojy/HlWk=",
      "license": "BSD-3-Clause"
    },
    "node_modules/vue-cli-plugin-element-plus": {
      "version": "0.0.13",
      "resolved": "https://registry.npmjs.org/vue-cli-plugin-element-plus/-/vue-cli-plugin-element-plus-0.0.13.tgz",
      "integrity": "sha512-ctG5mynJIyGLFBhS2JpzXmBWT3JRXwzMm5AoANUmBlbZHTruct1xQF2OKM/mfJv6tSfqCcEfgH8rGCAY5ca83Q==",
      "dev": true
    }
  },
  "dependencies": {
    "@element-plus/icons-vue": {
      "version": "0.2.4",
      "resolved": "https://registry.npmmirror.com/@element-plus/icons-vue/download/@element-plus/icons-vue-0.2.4.tgz",
      "integrity": "sha512-RsJNyL58rwxtsjeMy34o8txkL6UlME1stWsUlRpTac6UE9Bx9gdJvnDXbIKhOJqBLX17fBjmposdrn6VTqim2w=="
    },
    "@popperjs/core": {
      "version": "2.11.0",
      "resolved": "https://registry.npmmirror.com/@popperjs/core/download/@popperjs/core-2.11.0.tgz",
      "integrity": "sha512-zrsUxjLOKAzdewIDRWy9nsV1GQsKBCWaGwsZQlCgr6/q+vjyZhFgqedLfFBuI9anTPEUT4APq9Mu0SZBTzIcGQ=="
    },
    "@vueuse/core": {
      "version": "7.4.0",
      "resolved": "https://registry.npmmirror.com/@vueuse/core/download/@vueuse/core-7.4.0.tgz",
      "integrity": "sha512-CgYouxjXOE63gMn3l9cOsgzPTEAk3yoncsSmJUxXAi/to25rCPVWB/39jXTPhWZboR43EDDMWoEhHaSoMzaldg==",
      "requires": {
        "@vueuse/shared": "7.4.0",
        "vue-demi": "*"
      },
      "dependencies": {
        "@vueuse/shared": {
          "version": "7.4.0",
          "resolved": "https://registry.npmmirror.com/@vueuse/shared/download/@vueuse/shared-7.4.0.tgz",
          "integrity": "sha512-x5Jn6jUB8gS1mGnVCoNWFEpAoDkm2QwtacZTUgKMn0Ow8tlUBKIfGVOt4vn9qZB10froED/ARHEj79WKLXRieA==",
          "requires": {
            "vue-demi": "*"
          }
        },
        "vue-demi": {
          "version": "0.12.1",
          "resolved": "https://registry.npmmirror.com/vue-demi/download/vue-demi-0.12.1.tgz",
          "integrity": "sha1-9+GO++z/0RqwadFHLXoG4xm0F0w="
        }
      }
    },
    "async-validator": {
      "version": "4.0.7",
      "resolved": "https://registry.npmmirror.com/async-validator/download/async-validator-4.0.7.tgz?cache=0&sync_timestamp=1634529502627&other_urls=https%3A%2F%2Fregistry.npmmirror.com%2Fasync-validator%2Fdownload%2Fasync-validator-4.0.7.tgz",
      "integrity": "sha1-A0oP0hA6ay6/AQ2nUYO+wpkkev4="
    },
    "dayjs": {
      "version": "1.10.7",
      "resolved": "https://registry.nlark.com/dayjs/download/dayjs-1.10.7.tgz?cache=0&sync_timestamp=1631266519235&other_urls=https%3A%2F%2Fregistry.nlark.com%2Fdayjs%2Fdownload%2Fdayjs-1.10.7.tgz",
      "integrity": "sha1-LPX5Gt0oEWdIRAhmoKHSbzps5Gg="
    },
    "element-plus": {
      "version": "1.2.0-beta.6",
      "resolved": "https://registry.npmjs.org/element-plus/-/element-plus-1.2.0-beta.6.tgz",
      "integrity": "sha512-8EdSIR/5/FHcSB8w1diAh+gJMHgxIvxuZoayY99k6taAR1QyEFHuPTgFccZLopJ1+iP4UEsZFz49l57qS08Utw==",
      "requires": {
        "@element-plus/icons-vue": "^0.2.2",
        "@popperjs/core": "^2.10.2",
        "@vueuse/core": "^7.0.0",
        "async-validator": "^4.0.7",
        "dayjs": "^1.10.7",
        "lodash": "^4.17.21",
        "memoize-one": "^6.0.0",
        "normalize-wheel-es": "^1.1.1"
      }
    },
    "lodash": {
      "version": "4.17.21",
      "resolved": "https://registry.npmmirror.com/lodash/download/lodash-4.17.21.tgz",
      "integrity": "sha512-v2kDEe57lecTulaDIuNTPy3Ry4gLGJ6Z1O3vE1krgXZNrsQ+LFTGHVxVjcXPs17LhbZVGedAJv8XZ1tvj5FvSg=="
    },
    "memoize-one": {
      "version": "6.0.0",
      "resolved": "https://registry.npmmirror.com/memoize-one/download/memoize-one-6.0.0.tgz",
      "integrity": "sha1-slkbhx7YKUiu5HJ9xqvO7qyMEEU="
    },
    "normalize-wheel-es": {
      "version": "1.1.1",
      "resolved": "https://registry.npmmirror.com/normalize-wheel-es/download/normalize-wheel-es-1.1.1.tgz?cache=0&sync_timestamp=1635733915391&other_urls=https%3A%2F%2Fregistry.npmmirror.com%2Fnormalize-wheel-es%2Fdownload%2Fnormalize-wheel-es-1.1.1.tgz",
      "integrity": "sha1-qAlttqVvlDMtiE/Y6+2ojy/HlWk="
    },
    "vue-cli-plugin-element-plus": {
      "version": "0.0.13",
      "resolved": "https://registry.npmjs.org/vue-cli-plugin-element-plus/-/vue-cli-plugin-element-plus-0.0.13.tgz",
      "integrity": "sha512-ctG5mynJIyGLFBhS2JpzXmBWT3JRXwzMm5AoANUmBlbZHTruct1xQF2OKM/mfJv6tSfqCcEfgH8rGCAY5ca83Q==",
      "dev": true
    }
  }
}
